
Microsoft Visual Studio Solution File, Format Version 12.00
# Visual Studio Version 17
VisualStudioVersion = 17.3.32825.248
MinimumVisualStudioVersion = 10.0.40219.1
Project("{FAE04EC0-301F-11D3-BF4B-00C04F79EFBC}") = "4", "4\4.csproj", "{44B44200-81D2-4730-B19C-E95D1BD0D52C}"
EndProject
Global
	GlobalSection(SolutionConfigurationPlatforms) = preSolution
		Debug|Any CPU = Debug|Any CPU
		Release|Any CPU = Release|Any CPU
	EndGlobalSection
	GlobalSection(ProjectConfigurationPlatforms) = postSolution
		{44B44200-81D2-4730-B19C-E95D1BD0D52C}.Debug|Any CPU.ActiveCfg = Debug|Any CPU
		{44B44200-81D2-4730-B19C-E95D1BD0D52C}.Debug|Any CPU.Build.0 = Debug|Any CPU
		{44B44200-81D2-4730-B19C-E95D1BD0D52C}.Release|Any CPU.ActiveCfg = Release|Any CPU
		{44B44200-81D2-4730-B19C-E95D1BD0D52C}.Release|Any CPU.Build.0 = Release|Any CPU
	EndGlobalSection
	GlobalSection(SolutionProperties) = preSolution
		HideSolutionNode = FALSE
	EndGlobalSection
	GlobalSection(ExtensibilityGlobals) = postSolution
		SolutionGuid = {850DAD4B-F3FD-4F96-9E3F-064C38A30A2C}
	EndGlobalSection
EndGlobal
